github.com/klauspost/compress v1.9.8 h1:VMAMUUOh+gaxKTMk+zqbjsSjsIcUcL/LF4o63i82QyA=
github.com/klauspost/compress v1.9.8/go.mod h1:RyIbtBH6LamlWaDj8nUwkbUhJ87Yi3uG0guNDohfE1A=
golang.org/x/image v0.0.0-20200119044424-58c23975cae1 h1:5h3ngYt7+vXCDZCup/HkCQgW5XwmSvR/nA2JmJ0RErg=
golang.org/x/image v0.0.0-20200119044424-58c23975cae1/go.mod h1:FeLwcggjj3mMvU+oOTbSwawSJRM1uh48EjtB4UJZlP0=
golang.org/x/text v0.3.0/go.mod h1:NqM8EUOU14njkJ3fqMW+pc6Ldnwhi/IjpwHt7yyuwOQ=
